
Microsoft Visual Studio Solution File, Format Version 11.00
# Visual Studio 2010
Project("{FAE04EC0-301F-11D3-BF4B-00C04F79EFBC}") = "skeletal-data-fusion-for-human-Gait-Analysis", "Assembly-CSharp.csproj", "{8D94BD98-33FC-C1F0-F489-3B546BF0D260}"
EndProject
Project("{FAE04EC0-301F-11D3-BF4B-00C04F79EFBC}") = "skeletal-data-fusion-for-human-Gait-Analysis", "Assembly-CSharp-Editor.csproj", "{45BF91A4-E167-5880-C2C5-67A5E93A4895}"
EndProject
Global
	GlobalSection(SolutionConfigurationPlatforms) = preSolution
		Debug|Any CPU = Debug|Any CPU
		Release|Any CPU = Release|Any CPU
	EndGlobalSection
	GlobalSection(ProjectConfigurationPlatforms) = postSolution
		{8D94BD98-33FC-C1F0-F489-3B546BF0D260}.Debug|Any CPU.ActiveCfg = Debug|Any CPU
		{8D94BD98-33FC-C1F0-F489-3B546BF0D260}.Debug|Any CPU.Build.0 = Debug|Any CPU
		{8D94BD98-33FC-C1F0-F489-3B546BF0D260}.Release|Any CPU.ActiveCfg = Release|Any CPU
		{8D94BD98-33FC-C1F0-F489-3B546BF0D260}.Release|Any CPU.Build.0 = Release|Any CPU
		{45BF91A4-E167-5880-C2C5-67A5E93A4895}.Debug|Any CPU.ActiveCfg = Debug|Any CPU
		{45BF91A4-E167-5880-C2C5-67A5E93A4895}.Debug|Any CPU.Build.0 = Debug|Any CPU
		{45BF91A4-E167-5880-C2C5-67A5E93A4895}.Release|Any CPU.ActiveCfg = Release|Any CPU
		{45BF91A4-E167-5880-C2C5-67A5E93A4895}.Release|Any CPU.Build.0 = Release|Any CPU
	EndGlobalSection
	GlobalSection(SolutionProperties) = preSolution
		HideSolutionNode = FALSE
	EndGlobalSection
	GlobalSection(MonoDevelopProperties) = preSolution
		StartupItem = Assembly-CSharp.csproj
	EndGlobalSection
EndGlobal
