
Microsoft Visual Studio Solution File, Format Version 11.00
# Visual Studio 2010
Project("{FAE04EC0-301F-11D3-BF4B-00C04F79EFBC}") = "version modifier_interface_opérateurs_admin", "Assembly-CSharp.csproj", "{81B1E63F-E7ED-A806-5D5F-E34B9AE21EFB}"
EndProject
Project("{FAE04EC0-301F-11D3-BF4B-00C04F79EFBC}") = "version modifier_interface_opérateurs_admin", "Assembly-CSharp-Editor.csproj", "{7846520E-DF80-C5B2-F84E-F6286105C908}"
EndProject
Global
	GlobalSection(SolutionConfigurationPlatforms) = preSolution
		Debug|Any CPU = Debug|Any CPU
		Release|Any CPU = Release|Any CPU
	EndGlobalSection
	GlobalSection(ProjectConfigurationPlatforms) = postSolution
		{81B1E63F-E7ED-A806-5D5F-E34B9AE21EFB}.Debug|Any CPU.ActiveCfg = Debug|Any CPU
		{81B1E63F-E7ED-A806-5D5F-E34B9AE21EFB}.Debug|Any CPU.Build.0 = Debug|Any CPU
		{81B1E63F-E7ED-A806-5D5F-E34B9AE21EFB}.Release|Any CPU.ActiveCfg = Release|Any CPU
		{81B1E63F-E7ED-A806-5D5F-E34B9AE21EFB}.Release|Any CPU.Build.0 = Release|Any CPU
		{7846520E-DF80-C5B2-F84E-F6286105C908}.Debug|Any CPU.ActiveCfg = Debug|Any CPU
		{7846520E-DF80-C5B2-F84E-F6286105C908}.Debug|Any CPU.Build.0 = Debug|Any CPU
		{7846520E-DF80-C5B2-F84E-F6286105C908}.Release|Any CPU.ActiveCfg = Release|Any CPU
		{7846520E-DF80-C5B2-F84E-F6286105C908}.Release|Any CPU.Build.0 = Release|Any CPU
	EndGlobalSection
	GlobalSection(SolutionProperties) = preSolution
		HideSolutionNode = FALSE
	EndGlobalSection
	GlobalSection(MonoDevelopProperties) = preSolution
		StartupItem = Assembly-CSharp.csproj
	EndGlobalSection
EndGlobal
